
Microsoft Visual Studio Solution File, Format Version 12.00
# Visual Studio Version 17
VisualStudioVersion = 17.1.32319.34
MinimumVisualStudioVersion = 10.0.40219.1
Project("{FAE04EC0-301F-11D3-BF4B-00C04F79EFBC}") = "SWAPI_Exercise", "SWAPI_Exercise\SWAPI_Exercise.csproj", "{142FDF28-16D5-4855-87AD-C1B369474383}"
EndProject
Global
	GlobalSection(SolutionConfigurationPlatforms) = preSolution
		Debug|Any CPU = Debug|Any CPU
		Release|Any CPU = Release|Any CPU
	EndGlobalSection
	GlobalSection(ProjectConfigurationPlatforms) = postSolution
		{142FDF28-16D5-4855-87AD-C1B369474383}.Debug|Any CPU.ActiveCfg = Debug|Any CPU
		{142FDF28-16D5-4855-87AD-C1B369474383}.Debug|Any CPU.Build.0 = Debug|Any CPU
		{142FDF28-16D5-4855-87AD-C1B369474383}.Release|Any CPU.ActiveCfg = Release|Any CPU
		{142FDF28-16D5-4855-87AD-C1B369474383}.Release|Any CPU.Build.0 = Release|Any CPU
	EndGlobalSection
	GlobalSection(SolutionProperties) = preSolution
		HideSolutionNode = FALSE
	EndGlobalSection
	GlobalSection(ExtensibilityGlobals) = postSolution
		SolutionGuid = {18F284FD-F050-4345-B67E-B955DBF720C3}
	EndGlobalSection
EndGlobal
